
Microsoft Visual Studio Solution File, Format Version 12.00
# Visual Studio 15
VisualStudioVersion = 15.0.28010.2016
MinimumVisualStudioVersion = 10.0.40219.1
Project("{FAE04EC0-301F-11D3-BF4B-00C04F79EFBC}") = "TestWpf", "TestWpf\TestWpf.csproj", "{A3298644-C0C6-4D74-B29D-773400E653EE}"
EndProject
Global
	GlobalSection(SolutionConfigurationPlatforms) = preSolution
		Debug|Any CPU = Debug|Any CPU
		Release|Any CPU = Release|Any CPU
	EndGlobalSection
	GlobalSection(ProjectConfigurationPlatforms) = postSolution
		{A3298644-C0C6-4D74-B29D-773400E653EE}.Debug|Any CPU.ActiveCfg = Debug|Any CPU
		{A3298644-C0C6-4D74-B29D-773400E653EE}.Debug|Any CPU.Build.0 = Debug|Any CPU
		{A3298644-C0C6-4D74-B29D-773400E653EE}.Release|Any CPU.ActiveCfg = Release|Any CPU
		{A3298644-C0C6-4D74-B29D-773400E653EE}.Release|Any CPU.Build.0 = Release|Any CPU
	EndGlobalSection
	GlobalSection(SolutionProperties) = preSolution
		HideSolutionNode = FALSE
	EndGlobalSection
	GlobalSection(ExtensibilityGlobals) = postSolution
		SolutionGuid = {8A42CC66-E2BC-46AD-B4B9-0B4B2E9A4881}
	EndGlobalSection
EndGlobal
